// !$*UTF8*$!
{
	archiveVersion = 1;
	classes = {
	};
	objectVersion = 46;
	objects = {

/* Begin PBXBuildFile section */
		31C014661CF7ABED00365B6E /* main.m in Sources */ = {isa = PBXBuildFile; fileRef = 31C014651CF7ABED00365B6E /* main.m */; };
		31C014691CF7ABED00365B6E /* AppDelegate.m in Sources */ = {isa = PBXBuildFile; fileRef = 31C014681CF7ABED00365B6E /* AppDelegate.m */; };
		31C0146C1CF7ABED00365B6E /* ViewController.m in Sources */ = {isa = PBXBuildFile; fileRef = 31C0146B1CF7ABED00365B6E /* ViewController.m */; };
		31C0146F1CF7ABED00365B6E /* Main.storyboard in Resources */ = {isa = PBXBuildFile; fileRef = 31C0146D1CF7ABED00365B6E /* Main.storyboard */; };
		31C014711CF7ABED00365B6E /* Assets.xcassets in Resources */ = {isa = PBXBuildFile; fileRef = 31C014701CF7ABED00365B6E /* Assets.xcassets */; };
		31C014741CF7ABED00365B6E /* LaunchScreen.storyboard in Resources */ = {isa = PBXBuildFile; fileRef = 31C014721CF7ABED00365B6E /* LaunchScreen.storyboard */; };
		31C0147E1CF7AC3F00365B6E /* JRTVideoBackgroundViewController.m in Sources */ = {isa = PBXBuildFile; fileRef = 31C0147D1CF7AC3F00365B6E /* JRTVideoBackgroundViewController.m */; };
		31C014801CF7B26700365B6E /* Video.mp4 in Resources */ = {isa = PBXBuildFile; fileRef = 31C0147F1CF7AC9500365B6E /* Video.mp4 */; };
/* End PBXBuildFile section */

/* Begin PBXFileReference section */
		31C014611CF7ABED00365B6E /* JRTVideoBackgroundViewController.app */ = {isa = PBXFileReference; explicitFileType = wrapper.application; includeInIndex = 0; path = JRTVideoBackgroundViewController.app; sourceTree = BUILT_PRODUCTS_DIR; };
		31C014651CF7ABED00365B6E /* main.m */ = {isa = PBXFileReference; lastKnownFileType = sourcecode.c.objc; path = main.m; sourceTree = "<group>"; };
		31C014671CF7ABED00365B6E /* AppDelegate.h */ = {isa = PBXFileReference; lastKnownFileType = sourcecode.c.h; path = AppDelegate.h; sourceTree = "<group>"; };
		31C014681CF7ABED00365B6E /* AppDelegate.m */ = {isa = PBXFileReference; lastKnownFileType = sourcecode.c.objc; path = AppDelegate.m; sourceTree = "<group>"; };
		31C0146A1CF7ABED00365B6E /* ViewController.h */ = {isa = PBXFileReference; lastKnownFileType = sourcecode.c.h; path = ViewController.h; sourceTree = "<group>"; };
		31C0146B1CF7ABED00365B6E /* ViewController.m */ = {isa = PBXFileReference; lastKnownFileType = sourcecode.c.objc; path = ViewController.m; sourceTree = "<group>"; };
		31C0146E1CF7ABED00365B6E /* Base */ = {isa = PBXFileReference; lastKnownFileType = file.storyboard; name = Base; path = Base.lproj/Main.storyboard; sourceTree = "<group>"; };
		31C014701CF7ABED00365B6E /* Assets.xcassets */ = {isa = PBXFileReference; lastKnownFileType = folder.assetcatalog; path = Assets.xcassets; sourceTree = "<group>"; };
		31C014731CF7ABED00365B6E /* Base */ = {isa = PBXFileReference; lastKnownFileType = file.storyboard; name = Base; path = Base.lproj/LaunchScreen.storyboard; sourceTree = "<group>"; };
		31C014751CF7ABED00365B6E /* Info.plist */ = {isa = PBXFileReference; lastKnownFileType = text.plist.xml; path = Info.plist; sourceTree = "<group>"; };
		31C0147C1CF7AC3F00365B6E /* JRTVideoBackgroundViewController.h */ = {isa = PBXFileReference; fileEncoding = 4; lastKnownFileType = sourcecode.c.h; path = JRTVideoBackgroundViewController.h; sourceTree = "<group>"; };
		31C0147D1CF7AC3F00365B6E /* JRTVideoBackgroundViewController.m */ = {isa = PBXFileReference; fileEncoding = 4; lastKnownFileType = sourcecode.c.objc; path = JRTVideoBackgroundViewController.m; sourceTree = "<group>"; };
		31C0147F1CF7AC9500365B6E /* Video.mp4 */ = {isa = PBXFileReference; lastKnownFileType = file; path = Video.mp4; sourceTree = "<group>"; };
/* End PBXFileReference section */

/* Begin PBXFrameworksBuildPhase section */
		31C0145E1CF7ABED00365B6E /* Frameworks */ = {
			isa = PBXFrameworksBuildPhase;
			buildActionMask = 2147483647;
			files = (
			);
			runOnlyForDeploymentPostprocessing = 0;
		};
/* End PBXFrameworksBuildPhase section */

/* Begin PBXGroup section */
		31C014581CF7ABED00365B6E = {
			isa = PBXGroup;
			children = (
				31C014631CF7ABED00365B6E /* JRTVideoBackgroundViewController */,
				31C014621CF7ABED00365B6E /* Products */,
			);
			sourceTree = "<group>";
		};
		31C014621CF7ABED00365B6E /* Products */ = {
			isa = PBXGroup;
			children = (
				31C014611CF7ABED00365B6E /* JRTVideoBackgroundViewController.app */,
			);
			name = Products;
			sourceTree = "<group>";
		};
		31C014631CF7ABED00365B6E /* JRTVideoBackgroundViewController */ = {
			isa = PBXGroup;
			children = (
				31C0147B1CF7ABFA00365B6E /* PodFiles */,
				31C014641CF7ABED00365B6E /* Supporting Files */,
				31C014671CF7ABED00365B6E /* AppDelegate.h */,
				31C014681CF7ABED00365B6E /* AppDelegate.m */,
				31C014701CF7ABED00365B6E /* Assets.xcassets */,
				31C014751CF7ABED00365B6E /* Info.plist */,
				31C014721CF7ABED00365B6E /* LaunchScreen.storyboard */,
				31C0146D1CF7ABED00365B6E /* Main.storyboard */,
				31C0147F1CF7AC9500365B6E /* Video.mp4 */,
				31C0146A1CF7ABED00365B6E /* ViewController.h */,
				31C0146B1CF7ABED00365B6E /* ViewController.m */,
			);
			path = JRTVideoBackgroundViewController;
			sourceTree = "<group>";
		};
		31C014641CF7ABED00365B6E /* Supporting Files */ = {
			isa = PBXGroup;
			children = (
				31C014651CF7ABED00365B6E /* main.m */,
			);
			path = "Supporting Files";
			sourceTree = "<group>";
		};
		31C0147B1CF7ABFA00365B6E /* PodFiles */ = {
			isa = PBXGroup;
			children = (
				31C0147C1CF7AC3F00365B6E /* JRTVideoBackgroundViewController.h */,
				31C0147D1CF7AC3F00365B6E /* JRTVideoBackgroundViewController.m */,
			);
			path = PodFiles;
			sourceTree = "<group>";
		};
/* End PBXGroup section */

/* Begin PBXNativeTarget section */
		31C014601CF7ABED00365B6E /* JRTVideoBackgroundViewController */ = {
			isa = PBXNativeTarget;
			buildConfigurationList = 31C014781CF7ABED00365B6E /* Build configuration list for PBXNativeTarget "JRTVideoBackgroundViewController" */;
			buildPhases = (
				31C0145D1CF7ABED00365B6E /* Sources */,
				31C0145E1CF7ABED00365B6E /* Frameworks */,
				31C0145F1CF7ABED00365B6E /* Resources */,
			);
			buildRules = (
			);
			dependencies = (
			);
			name = JRTVideoBackgroundViewController;
			productName = JRTVideoBackgroundViewController;
			productReference = 31C014611CF7ABED00365B6E /* JRTVideoBackgroundViewController.app */;
			productType = "com.apple.product-type.application";
		};
/* End PBXNativeTarget section */

/* Begin PBXProject section */
		31C014591CF7ABED00365B6E /* Project object */ = {
			isa = PBXProject;
			attributes = {
				LastUpgradeCheck = 0730;
				ORGANIZATIONNAME = jerti;
				TargetAttributes = {
					31C014601CF7ABED00365B6E = {
						CreatedOnToolsVersion = 7.3.1;
					};
				};
			};
			buildConfigurationList = 31C0145C1CF7ABED00365B6E /* Build configuration list for PBXProject "JRTVideoBackgroundViewController" */;
			compatibilityVersion = "Xcode 3.2";
			developmentRegion = English;
			hasScannedForEncodings = 0;
			knownRegions = (
				en,
				Base,
			);
			mainGroup = 31C014581CF7ABED00365B6E;
			productRefGroup = 31C014621CF7ABED00365B6E /* Products */;
			projectDirPath = "";
			projectRoot = "";
			targets = (
				31C014601CF7ABED00365B6E /* JRTVideoBackgroundViewController */,
			);
		};
/* End PBXProject section */

/* Begin PBXResourcesBuildPhase section */
		31C0145F1CF7ABED00365B6E /* Resources */ = {
			isa = PBXResourcesBuildPhase;
			buildActionMask = 2147483647;
			files = (
				31C014801CF7B26700365B6E /* Video.mp4 in Resources */,
				31C014741CF7ABED00365B6E /* LaunchScreen.storyboard in Resources */,
				31C014711CF7ABED00365B6E /* Assets.xcassets in Resources */,
				31C0146F1CF7ABED00365B6E /* Main.storyboard in Resources */,
			);
			runOnlyForDeploymentPostprocessing = 0;
		};
/* End PBXResourcesBuildPhase section */

/* Begin PBXSourcesBuildPhase section */
		31C0145D1CF7ABED00365B6E /* Sources */ = {
			isa = PBXSourcesBuildPhase;
			buildActionMask = 2147483647;
			files = (
				31C0146C1CF7ABED00365B6E /* ViewController.m in Sources */,
				31C014691CF7ABED00365B6E /* AppDelegate.m in Sources */,
				31C014661CF7ABED00365B6E /* main.m in Sources */,
				31C0147E1CF7AC3F00365B6E /* JRTVideoBackgroundViewController.m in Sources */,
			);
			runOnlyForDeploymentPostprocessing = 0;
		};
/* End PBXSourcesBuildPhase section */

/* Begin PBXVariantGroup section */
		31C0146D1CF7ABED00365B6E /* Main.storyboard */ = {
			isa = PBXVariantGroup;
			children = (
				31C0146E1CF7ABED00365B6E /* Base */,
			);
			name = Main.storyboard;
			path = .;
			sourceTree = "<group>";
		};
		31C014721CF7ABED00365B6E /* LaunchScreen.storyboard */ = {
			isa = PBXVariantGroup;
			children = (
				31C014731CF7ABED00365B6E /* Base */,
			);
			name = LaunchScreen.storyboard;
			path = .;
			sourceTree = "<group>";
		};
/* End PBXVariantGroup section */

/* Begin XCBuildConfiguration section */
		31C014761CF7ABED00365B6E /* Debug */ = {
			isa = XCBuildConfiguration;
			buildSettings = {
				ALWAYS_SEARCH_USER_PATHS = NO;
				CLANG_ANALYZER_NONNULL = YES;
				CLANG_CXX_LANGUAGE_STANDARD = "gnu++0x";
				CLANG_CXX_LIBRARY = "libc++";
				CLANG_ENABLE_MODULES = YES;
				CLANG_ENABLE_OBJC_ARC = YES;
				CLANG_WARN_BOOL_CONVERSION = YES;
				CLANG_WARN_CONSTANT_CONVERSION = YES;
				CLANG_WARN_DIRECT_OBJC_ISA_USAGE = YES_ERROR;
				CLANG_WARN_EMPTY_BODY = YES;
				CLANG_WARN_ENUM_CONVERSION = YES;
				CLANG_WARN_INT_CONVERSION = YES;
				CLANG_WARN_OBJC_ROOT_CLASS = YES_ERROR;
				CLANG_WARN_UNREACHABLE_CODE = YES;
				CLANG_WARN__DUPLICATE_METHOD_MATCH = YES;
				"CODE_SIGN_IDENTITY[sdk=iphoneos*]" = "iPhone Developer";
				COPY_PHASE_STRIP = NO;
				DEBUG_INFORMATION_FORMAT = dwarf;
				ENABLE_STRICT_OBJC_MSGSEND = YES;
				ENABLE_TESTABILITY = YES;
				GCC_C_LANGUAGE_STANDARD = gnu99;
				GCC_DYNAMIC_NO_PIC = NO;
				GCC_NO_COMMON_BLOCKS = YES;
				GCC_OPTIMIZATION_LEVEL = 0;
				GCC_PREPROCESSOR_DEFINITIONS = (
					"DEBUG=1",
					"$(inherited)",
				);
				GCC_WARN_64_TO_32_BIT_CONVERSION = YES;
				GCC_WARN_ABOUT_RETURN_TYPE = YES_ERROR;
				GCC_WARN_UNDECLARED_SELECTOR = YES;
				GCC_WARN_UNINITIALIZED_AUTOS = YES_AGGRESSIVE;
				GCC_WARN_UNUSED_FUNCTION = YES;
				GCC_WARN_UNUSED_VARIABLE = YES;
				IPHONEOS_DEPLOYMENT_TARGET = 9.3;
				MTL_ENABLE_DEBUG_INFO = YES;
				ONLY_ACTIVE_ARCH = YES;
				SDKROOT = iphoneos;
			};
			name = Debug;
		};
		31C014771CF7ABED00365B6E /* Release */ = {
			isa = XCBuildConfiguration;
			buildSettings = {
				ALWAYS_SEARCH_USER_PATHS = NO;
				CLANG_ANALYZER_NONNULL = YES;
				CLANG_CXX_LANGUAGE_STANDARD = "gnu++0x";
				CLANG_CXX_LIBRARY = "libc++";
				CLANG_ENABLE_MODULES = YES;
				CLANG_ENABLE_OBJC_ARC = YES;
				CLANG_WARN_BOOL_CONVERSION = YES;
				CLANG_WARN_CONSTANT_CONVERSION = YES;
				CLANG_WARN_DIRECT_OBJC_ISA_USAGE = YES_ERROR;
				CLANG_WARN_EMPTY_BODY = YES;
				CLANG_WARN_ENUM_CONVERSION = YES;
				CLANG_WARN_INT_CONVERSION = YES;
				CLANG_WARN_OBJC_ROOT_CLASS = YES_ERROR;
				CLANG_WARN_UNREACHABLE_CODE = YES;
				CLANG_WARN__DUPLICATE_METHOD_MATCH = YES;
				"CODE_SIGN_IDENTITY[sdk=iphoneos*]" = "iPhone Developer";
				COPY_PHASE_STRIP = NO;
				DEBUG_INFORMATION_FORMAT = "dwarf-with-dsym";
				ENABLE_NS_ASSERTIONS = NO;
				ENABLE_STRICT_OBJC_MSGSEND = YES;
				GCC_C_LANGUAGE_STANDARD = gnu99;
				GCC_NO_COMMON_BLOCKS = YES;
				GCC_WARN_64_TO_32_BIT_CONVERSION = YES;
				GCC_WARN_ABOUT_RETURN_TYPE = YES_ERROR;
				GCC_WARN_UNDECLARED_SELECTOR = YES;
				GCC_WARN_UNINITIALIZED_AUTOS = YES_AGGRESSIVE;
				GCC_WARN_UNUSED_FUNCTION = YES;
				GCC_WARN_UNUSED_VARIABLE = YES;
				IPHONEOS_DEPLOYMENT_TARGET = 9.3;
				MTL_ENABLE_DEBUG_INFO = NO;
				SDKROOT = iphoneos;
				VALIDATE_PRODUCT = YES;
			};
			name = Release;
		};
		31C014791CF7ABED00365B6E /* Debug */ = {
			isa = XCBuildConfiguration;
			buildSettings = {
				ASSETCATALOG_COMPILER_APPICON_NAME = AppIcon;
				INFOPLIST_FILE = JRTVideoBackgroundViewController/Info.plist;
				LD_RUNPATH_SEARCH_PATHS = "$(inherited) @executable_path/Frameworks";
				PRODUCT_BUNDLE_IDENTIFIER = com.jerti.JRTVideoBackgroundViewController;
				PRODUCT_NAME = "$(TARGET_NAME)";
			};
			name = Debug;
		};
		31C0147A1CF7ABED00365B6E /* Release */ = {
			isa = XCBuildConfiguration;
			buildSettings = {
				ASSETCATALOG_COMPILER_APPICON_NAME = AppIcon;
				INFOPLIST_FILE = JRTVideoBackgroundViewController/Info.plist;
				LD_RUNPATH_SEARCH_PATHS = "$(inherited) @executable_path/Frameworks";
				PRODUCT_BUNDLE_IDENTIFIER = com.jerti.JRTVideoBackgroundViewController;
				PRODUCT_NAME = "$(TARGET_NAME)";
			};
			name = Release;
		};
/* End XCBuildConfiguration section */

/* Begin XCConfigurationList section */
		31C0145C1CF7ABED00365B6E /* Build configuration list for PBXProject "JRTVideoBackgroundViewController" */ = {
			isa = XCConfigurationList;
			buildConfigurations = (
				31C014761CF7ABED00365B6E /* Debug */,
				31C014771CF7ABED00365B6E /* Release */,
			);
			defaultConfigurationIsVisible = 0;
			defaultConfigurationName = Release;
		};
		31C014781CF7ABED00365B6E /* Build configuration list for PBXNativeTarget "JRTVideoBackgroundViewController" */ = {
			isa = XCConfigurationList;
			buildConfigurations = (
				31C014791CF7ABED00365B6E /* Debug */,
				31C0147A1CF7ABED00365B6E /* Release */,
			);
			defaultConfigurationIsVisible = 0;
			defaultConfigurationName = Release;
		};
/* End XCConfigurationList section */
	};
	rootObject = 31C014591CF7ABED00365B6E /* Project object */;
}
